
Microsoft Visual Studio Solution File, Format Version 12.00
# Visual Studio Version 16
VisualStudioVersion = 16.0.809.9
MinimumVisualStudioVersion = 10.0.40219.1
Project("{FAE04EC0-301F-11D3-BF4B-00C04F79EFBC}") = "prueba", "prueba\prueba.csproj", "{0CE1F1C3-7D58-4F96-BB84-5E57DB0E49DE}"
EndProject
Global
	GlobalSection(SolutionConfigurationPlatforms) = preSolution
		Debug|Any CPU = Debug|Any CPU
		Release|Any CPU = Release|Any CPU
	EndGlobalSection
	GlobalSection(ProjectConfigurationPlatforms) = postSolution
		{0CE1F1C3-7D58-4F96-BB84-5E57DB0E49DE}.Debug|Any CPU.ActiveCfg = Debug|Any CPU
		{0CE1F1C3-7D58-4F96-BB84-5E57DB0E49DE}.Debug|Any CPU.Build.0 = Debug|Any CPU
		{0CE1F1C3-7D58-4F96-BB84-5E57DB0E49DE}.Release|Any CPU.ActiveCfg = Release|Any CPU
		{0CE1F1C3-7D58-4F96-BB84-5E57DB0E49DE}.Release|Any CPU.Build.0 = Release|Any CPU
	EndGlobalSection
	GlobalSection(SolutionProperties) = preSolution
		HideSolutionNode = FALSE
	EndGlobalSection
	GlobalSection(ExtensibilityGlobals) = postSolution
		SolutionGuid = {D4299577-ADB1-4912-A626-17021678E51A}
	EndGlobalSection
EndGlobal
